<?xml version="1.0" encoding="utf-8"?>
<Project ToolsVersion="4.0" xmlns="http://schemas.microsoft.com/developer/msbuild/2003">
  <ItemGroup>
    <Filter Include="Fichiers d%27en-tête">
      <UniqueIdentifier>{93995380-89BD-4b04-88EB-625FBE52EBFB}</UniqueIdentifier>
      <Extensions>h;hh;hpp;hxx;h++;hm;inl;inc;ipp;xsd</Extensions>
    </Filter>
    <Filter Include="Fichiers de ressources">
      <UniqueIdentifier>{67DA6AB6-F800-4c08-8B7A-83BB121AAD01}</UniqueIdentifier>
      <Extensions>rc;ico;cur;bmp;dlg;rc2;rct;bin;rgs;gif;jpg;jpeg;jpe;resx;tiff;tif;png;wav;mfcribbon-ms</Extensions>
    </Filter>
    <Filter Include="Fichiers d%27en-tête\imgui">
      <UniqueIdentifier>{70f6bca3-c10c-4e9d-a8b4-5407eced4e23}</UniqueIdentifier>
    </Filter>
    <Filter Include="Fichiers d%27en-tête\common">
      <UniqueIdentifier>{42d7f8a4-e7d8-4a25-bc84-e85b05028dfe}</UniqueIdentifier>
    </Filter>
    <Filter Include="Fichiers d%27en-tête\shapes">
      <UniqueIdentifier>{79bfd1df-e61c-44ad-b50d-07db5ecce45d}</UniqueIdentifier>
    </Filter>
    <Filter Include="Fichiers d%27en-tête\shaders">
      <UniqueIdentifier>{e4a66917-a9ce-43fb-a586-5dd0481999c8}</UniqueIdentifier>
    </Filter>
    <Filter Include="Fichiers d%27en-tête\utilities">
      <UniqueIdentifier>{b8597f2f-f323-4d51-87a8-439c26d4fc05}</UniqueIdentifier>
    </Filter>
    <Filter Include="Fichiers d%27en-tête\common\forces">
      <UniqueIdentifier>{762aa2f7-0676-4952-a71e-f4da72183d58}</UniqueIdentifier>
    </Filter>
    <Filter Include="Fichiers d%27en-tête\common\contacts">
      <UniqueIdentifier>{1e88343b-5abf-459d-858c-e029e9d92f41}</UniqueIdentifier>
    </Filter>
    <Filter Include="Fichiers sources">
      <UniqueIdentifier>{4FC737F1-C7A5-4376-A066-2A32D752A2FF}</UniqueIdentifier>
      <Extensions>cpp;c;cc;cxx;c++;cppm;ixx;def;odl;idl;hpj;bat;asm;asmx</Extensions>
    </Filter>
    <Filter Include="Fichiers sources\imgui">
      <UniqueIdentifier>{25aea6f5-dc9a-4c51-a877-a1af1d21c3e7}</UniqueIdentifier>
    </Filter>
    <Filter Include="Fichiers sources\common">
      <UniqueIdentifier>{d46629a0-32c3-4ab9-b7f6-b6b5481b179f}</UniqueIdentifier>
    </Filter>
    <Filter Include="Fichiers sources\common\contacts">
      <UniqueIdentifier>{a6219421-2c66-4aa6-b3c8-331b754ef1da}</UniqueIdentifier>
    </Filter>
    <Filter Include="Fichiers sources\shapes">
      <UniqueIdentifier>{31bda780-bcfb-4ed3-b858-9f95d4f54d8e}</UniqueIdentifier>
    </Filter>
    <Filter Include="Fichiers sources\shaders">
      <UniqueIdentifier>{64e1aa8f-ac19-4b41-be4c-014e3df1f19c}</UniqueIdentifier>
    </Filter>
    <Filter Include="Fichiers sources\utilities">
      <UniqueIdentifier>{499153da-3bb3-43df-97c3-26ea4b6fdb79}</UniqueIdentifier>
    </Filter>
    <Filter Include="Fichiers sources\common\forces">
      <UniqueIdentifier>{7c616026-bdb6-4f5c-b63a-917658417acd}</UniqueIdentifier>
    </Filter>
  </ItemGroup>
  <ItemGroup>
    <ClCompile Include="main.cpp">
      <Filter>Fichiers sources</Filter>
    </ClCompile>
    <ClCompile Include="imgui\imgui.cpp">
      <Filter>Fichiers sources\imgui</Filter>
    </ClCompile>
    <ClCompile Include="imgui\imgui_demo.cpp">
      <Filter>Fichiers sources\imgui</Filter>
    </ClCompile>
    <ClCompile Include="imgui\imgui_draw.cpp">
      <Filter>Fichiers sources\imgui</Filter>
    </ClCompile>
    <ClCompile Include="imgui\imgui_impl_glfw.cpp">
      <Filter>Fichiers sources\imgui</Filter>
    </ClCompile>
    <ClCompile Include="imgui\imgui_impl_opengl3.cpp">
      <Filter>Fichiers sources\imgui</Filter>
    </ClCompile>
    <ClCompile Include="imgui\imgui_tables.cpp">
      <Filter>Fichiers sources\imgui</Filter>
    </ClCompile>
    <ClCompile Include="imgui\imgui_widgets.cpp">
      <Filter>Fichiers sources\imgui</Filter>
    </ClCompile>
    <ClCompile Include="common\Particle.cpp">
      <Filter>Fichiers sources\common</Filter>
    </ClCompile>
    <ClCompile Include="common\Vector3D.cpp">
      <Filter>Fichiers sources\common</Filter>
    </ClCompile>
    <ClCompile Include="shapes\Triangle.cpp">
      <Filter>Fichiers sources\shapes</Filter>
    </ClCompile>
    <ClCompile Include="shapes\Cube.cpp">
      <Filter>Fichiers sources\shapes</Filter>
    </ClCompile>
    <ClCompile Include="shapes\Grid.cpp">
      <Filter>Fichiers sources\shapes</Filter>
    </ClCompile>
    <ClCompile Include="common\PhysicWorld.cpp">
      <Filter>Fichiers sources\common</Filter>
    </ClCompile>
    <ClCompile Include="utilities\Shader.cpp">
      <Filter>Fichiers sources\utilities</Filter>
    </ClCompile>
    <ClCompile Include="utilities\LoadShader.cpp">
      <Filter>Fichiers sources\utilities</Filter>
    </ClCompile>
    <ClCompile Include="utilities\VBO.cpp">
      <Filter>Fichiers sources\utilities</Filter>
    </ClCompile>
    <ClCompile Include="utilities\VAO.cpp">
      <Filter>Fichiers sources\utilities</Filter>
    </ClCompile>
    <ClCompile Include="utilities\IBO.cpp">
      <Filter>Fichiers sources\utilities</Filter>
    </ClCompile>
    <ClCompile Include="common\forces\BuoyancyForceGenerator.cpp">
      <Filter>Fichiers sources\common\forces</Filter>
    </ClCompile>
    <ClCompile Include="common\forces\SpringForceGenerator.cpp">
      <Filter>Fichiers sources\common\forces</Filter>
    </ClCompile>
    <ClCompile Include="common\forces\ObjectForceRegistry.cpp">
      <Filter>Fichiers sources\common\forces</Filter>
    </ClCompile>
    <ClCompile Include="common\forces\AnchoredSpringForceGenerator.cpp">
      <Filter>Fichiers sources\common\forces</Filter>
    </ClCompile>
    <ClCompile Include="common\forces\GravityForceGenerator.cpp">
      <Filter>Fichiers sources\common\forces</Filter>
    </ClCompile>
    <ClCompile Include="common\forces\DragForceGenerator.cpp">
      <Filter>Fichiers sources\common\forces</Filter>
    </ClCompile>
    <ClCompile Include="common\contacts\ParticleCable.cpp">
      <Filter>Fichiers sources\common\contacts</Filter>
    </ClCompile>
    <ClCompile Include="common\contacts\ParticleContactResolver.cpp">
      <Filter>Fichiers sources\common\contacts</Filter>
    </ClCompile>
    <ClCompile Include="common\contacts\ParticleLink.cpp">
      <Filter>Fichiers sources\common\contacts</Filter>
    </ClCompile>
    <ClCompile Include="common\contacts\ParticleRod.cpp">
      <Filter>Fichiers sources\common\contacts</Filter>
    </ClCompile>
    <ClCompile Include="common\contacts\NaiveParticleContactGenerator.cpp">
      <Filter>Fichiers sources\common\contacts</Filter>
    </ClCompile>
    <ClCompile Include="common\contacts\ParticleContact.cpp">
      <Filter>Fichiers sources\common\contacts</Filter>
    </ClCompile>
    <ClCompile Include="common\contacts\ParticleContactGenerator.cpp">
      <Filter>Fichiers sources\common\contacts</Filter>
    </ClCompile>
    <ClCompile Include="utilities\Camera.cpp">
      <Filter>Fichiers sources\utilities</Filter>
    </ClCompile>
    <ClCompile Include="shapes\Line.cpp">
      <Filter>Fichiers sources\shapes</Filter>
    </ClCompile>
    <ClCompile Include="common\Quaternion.cpp">
      <Filter>Fichiers sources\common</Filter>
    </ClCompile>
    <ClCompile Include="common\Matrix33.cpp">
      <Filter>Fichiers sources\common</Filter>
    </ClCompile>
    <ClCompile Include="common\Matrix34.cpp">
      <Filter>Fichiers sources\common</Filter>
    </ClCompile>
    <ClCompile Include="common\RigidBody.cpp">
      <Filter>Fichiers sources\common</Filter>
    </ClCompile>
    <ClCompile Include="common\PhysicObject.cpp">
      <Filter>Fichiers sources\common</Filter>
    </ClCompile>
    <ClCompile Include="common\forces\ParticleSpringForceGenerator.cpp">
      <Filter>Fichiers sources\common\forces</Filter>
    </ClCompile>
    <ClCompile Include="common\forces\RigidSpringForceGenerator.cpp">
      <Filter>Fichiers sources\common\forces</Filter>
    </ClCompile>
    <ClCompile Include="common\forces\SimpleForceGenerator.cpp">
      <Filter>Fichiers sources\common\forces</Filter>
    </ClCompile>
    <ClCompile Include="utilities\Node.cpp">
      <Filter>Fichiers sources\utilities</Filter>
    </ClCompile>
    <ClCompile Include="common\contacts\Box.cpp">
      <Filter>Fichiers sources\common\contacts</Filter>
    </ClCompile>
    <ClCompile Include="common\contacts\Plane.cpp">
      <Filter>Fichiers sources\common\contacts</Filter>
    </ClCompile>
    <ClCompile Include="common\contacts\Primitive.cpp">
      <Filter>Fichiers sources\common\contacts</Filter>
    </ClCompile>
    <ClCompile Include="common\contacts\CollisionData.cpp">
      <Filter>Fichiers sources</Filter>
    </ClCompile>
    <ClCompile Include="shapes\Quad.cpp">
      <Filter>Fichiers sources\shapes</Filter>
    </ClCompile>
    <ClCompile Include="utilities\Octree.cpp">
      <Filter>Fichiers sources\utilities</Filter>
    </ClCompile>
  </ItemGroup>
  <ItemGroup>
    <ClInclude Include="imgui\imconfig.h">
      <Filter>Fichiers d%27en-tête\imgui</Filter>
    </ClInclude>
    <ClInclude Include="imgui\imgui.h">
      <Filter>Fichiers d%27en-tête\imgui</Filter>
    </ClInclude>
    <ClInclude Include="imgui\imgui_impl_glfw.h">
      <Filter>Fichiers d%27en-tête\imgui</Filter>
    </ClInclude>
    <ClInclude Include="imgui\imgui_impl_opengl3.h">
      <Filter>Fichiers d%27en-tête\imgui</Filter>
    </ClInclude>
    <ClInclude Include="imgui\imgui_internal.h">
      <Filter>Fichiers d%27en-tête\imgui</Filter>
    </ClInclude>
    <ClInclude Include="imgui\imstb_rectpack.h">
      <Filter>Fichiers d%27en-tête\imgui</Filter>
    </ClInclude>
    <ClInclude Include="imgui\imstb_textedit.h">
      <Filter>Fichiers d%27en-tête\imgui</Filter>
    </ClInclude>
    <ClInclude Include="imgui\imstb_truetype.h">
      <Filter>Fichiers d%27en-tête\imgui</Filter>
    </ClInclude>
    <ClInclude Include="imgui\imgui_impl_opengl3_loader.h">
      <Filter>Fichiers d%27en-tête\imgui</Filter>
    </ClInclude>
    <ClInclude Include="common\Particle.hpp">
      <Filter>Fichiers d%27en-tête\common</Filter>
    </ClInclude>
    <ClInclude Include="common\Vector3D.hpp">
      <Filter>Fichiers d%27en-tête\common</Filter>
    </ClInclude>
    <ClInclude Include="shapes\Shape.h">
      <Filter>Fichiers d%27en-tête\shapes</Filter>
    </ClInclude>
    <ClInclude Include="shapes\Triangle.h">
      <Filter>Fichiers d%27en-tête\shapes</Filter>
    </ClInclude>
    <ClInclude Include="common\PhysicWorld.h">
      <Filter>Fichiers d%27en-tête\common</Filter>
    </ClInclude>
    <ClInclude Include="shapes\Cube.h">
      <Filter>Fichiers d%27en-tête\shapes</Filter>
    </ClInclude>
    <ClInclude Include="shapes\Grid.h">
      <Filter>Fichiers d%27en-tête\shapes</Filter>
    </ClInclude>
    <ClInclude Include="common\PhysicWorld.h">
      <Filter>Fichiers d%27en-tête\common</Filter>
    </ClInclude>
    <ClInclude Include="utilities\Shader.h">
      <Filter>Fichiers d%27en-tête\utilities</Filter>
    </ClInclude>
    <ClInclude Include="utilities\LoadShader.h">
      <Filter>Fichiers d%27en-tête\utilities</Filter>
    </ClInclude>
    <ClInclude Include="utilities\VAO.h">
      <Filter>Fichiers d%27en-tête\utilities</Filter>
    </ClInclude>
    <ClInclude Include="utilities\VBO.h">
      <Filter>Fichiers d%27en-tête\utilities</Filter>
    </ClInclude>
    <ClInclude Include="utilities\IBO.h">
      <Filter>Fichiers d%27en-tête\utilities</Filter>
    </ClInclude>
    <ClInclude Include="common\forces\BuoyancyForceGenerator.h">
      <Filter>Fichiers d%27en-tête\common\forces</Filter>
    </ClInclude>
    <ClInclude Include="common\forces\GravityForceGenerator.h">
      <Filter>Fichiers d%27en-tête\common\forces</Filter>
    </ClInclude>
    <ClInclude Include="common\forces\ObjectForceRegistry.h">
      <Filter>Fichiers d%27en-tête\common\forces</Filter>
    </ClInclude>
    <ClInclude Include="common\forces\AnchoredSpringForceGenerator.h">
      <Filter>Fichiers d%27en-tête\common\forces</Filter>
    </ClInclude>
    <ClInclude Include="common\forces\SpringForceGenerator.h">
      <Filter>Fichiers d%27en-tête\common\forces</Filter>
    </ClInclude>
    <ClInclude Include="common\forces\DragForceGenerator.h">
      <Filter>Fichiers d%27en-tête\common\forces</Filter>
    </ClInclude>
    <ClInclude Include="common\forces\ObjectForceGenerator.h">
      <Filter>Fichiers d%27en-tête\common\forces</Filter>
    </ClInclude>
    <ClInclude Include="common\contacts\ParticleCable.h">
      <Filter>Fichiers d%27en-tête\common\contacts</Filter>
    </ClInclude>
    <ClInclude Include="common\contacts\ParticleContactResolver.h">
      <Filter>Fichiers d%27en-tête\common\contacts</Filter>
    </ClInclude>
    <ClInclude Include="common\contacts\ParticleLink.h">
      <Filter>Fichiers d%27en-tête\common\contacts</Filter>
    </ClInclude>
    <ClInclude Include="common\contacts\ParticleRod.h">
      <Filter>Fichiers d%27en-tête\common\contacts</Filter>
    </ClInclude>
    <ClInclude Include="common\contacts\NaiveParticleContactGenerator.h">
      <Filter>Fichiers d%27en-tête\common\contacts</Filter>
    </ClInclude>
    <ClInclude Include="common\contacts\ParticleContact.h">
      <Filter>Fichiers d%27en-tête\common\contacts</Filter>
    </ClInclude>
    <ClInclude Include="common\contacts\ParticleContactGenerator.h">
      <Filter>Fichiers d%27en-tête\common\contacts</Filter>
    </ClInclude>
    <ClInclude Include="utilities\Camera.h">
      <Filter>Fichiers d%27en-tête\utilities</Filter>
    </ClInclude>
    <ClInclude Include="shapes\Line.h">
      <Filter>Fichiers d%27en-tête\shapes</Filter>
    </ClInclude>
    <ClInclude Include="common\Quaternion.h">
      <Filter>Fichiers d%27en-tête\common</Filter>
    </ClInclude>
    <ClInclude Include="common\Matrix33.h">
      <Filter>Fichiers d%27en-tête\common</Filter>
    </ClInclude>
    <ClInclude Include="common\Matrix34.h">
      <Filter>Fichiers d%27en-tête\common</Filter>
    </ClInclude>
    <ClInclude Include="common\RigidBody.h">
      <Filter>Fichiers d%27en-tête\common</Filter>
    </ClInclude>
    <ClInclude Include="common\PhysicObject.h">
      <Filter>Fichiers d%27en-tête\common</Filter>
    </ClInclude>
    <ClInclude Include="common\forces\ParticleSpringForceGenerator.h">
      <Filter>Fichiers d%27en-tête\common\forces</Filter>
    </ClInclude>
    <ClInclude Include="common\forces\RigidSpringForceGenerator.h">
      <Filter>Fichiers sources\common\forces</Filter>
    </ClInclude>
    <ClInclude Include="common\forces\SimpleForceGenerator.h">
      <Filter>Fichiers d%27en-tête\common\forces</Filter>
    </ClInclude>
    <ClInclude Include="utilities\Node.h">
      <Filter>Fichiers d%27en-tête\utilities</Filter>
    </ClInclude>
    <ClInclude Include="common\contacts\CollisionData.h">
      <Filter>Fichiers d%27en-tête\common\contacts</Filter>
    </ClInclude>
    <ClInclude Include="common\contacts\Primitive.h">
      <Filter>Fichiers d%27en-tête\common\contacts</Filter>
    </ClInclude>
    <ClInclude Include="common\contacts\Plane.h">
      <Filter>Fichiers d%27en-tête\common\contacts</Filter>
    </ClInclude>
    <ClInclude Include="common\contacts\Box.h">
      <Filter>Fichiers d%27en-tête\common\contacts</Filter>
    </ClInclude>
    <ClInclude Include="shapes\Quad.h">
      <Filter>Fichiers d%27en-tête\shapes</Filter>
    </ClInclude>
    <ClInclude Include="utilities\Octree.h">
      <Filter>Fichiers d%27en-tête\utilities</Filter>
    </ClInclude>
  </ItemGroup>
  <ItemGroup>
    <None Include="shaders\DiscFragmentShader.fragmentshader">
      <Filter>Fichiers sources\shaders</Filter>
    </None>
    <None Include="shaders\DiscVertexShader.vertexshader">
      <Filter>Fichiers sources\shaders</Filter>
    </None>
    <None Include="shaders\SimpleFragmentShader.fragmentshader">
      <Filter>Fichiers sources\shaders</Filter>
    </None>
    <None Include="shaders\SimpleVertexShader.vertexshader">
      <Filter>Fichiers sources\shaders</Filter>
    </None>
  </ItemGroup>
</Project>